
Microsoft Visual Studio Solution File, Format Version 12.00
# Visual Studio Version 17
VisualStudioVersion = 17.14.36127.28 d17.14
MinimumVisualStudioVersion = 10.0.40219.1
Project("{F184B08F-C81C-45F6-A57F-5ABD9991F28F}") = "GestaoEstoqueDifemaq", "GestaoEstoqueDifemaq\GestaoEstoqueDifemaq.vbproj", "{93E84243-86D2-14C9-86F8-708A988A66F3}"
EndProject
Global
	GlobalSection(SolutionConfigurationPlatforms) = preSolution
		Debug|Any CPU = Debug|Any CPU
		Release|Any CPU = Release|Any CPU
	EndGlobalSection
	GlobalSection(ProjectConfigurationPlatforms) = postSolution
		{93E84243-86D2-14C9-86F8-708A988A66F3}.Debug|Any CPU.ActiveCfg = Debug|Any CPU
		{93E84243-86D2-14C9-86F8-708A988A66F3}.Debug|Any CPU.Build.0 = Debug|Any CPU
		{93E84243-86D2-14C9-86F8-708A988A66F3}.Release|Any CPU.ActiveCfg = Release|Any CPU
		{93E84243-86D2-14C9-86F8-708A988A66F3}.Release|Any CPU.Build.0 = Release|Any CPU
	EndGlobalSection
	GlobalSection(SolutionProperties) = preSolution
		HideSolutionNode = FALSE
	EndGlobalSection
	GlobalSection(ExtensibilityGlobals) = postSolution
		SolutionGuid = {D11BC5F1-6733-489E-AA8D-9FE3E1747AE1}
	EndGlobalSection
EndGlobal
